{
  "lockfileVersion": 1,
  "configVersion": 1,
  "workspaces": {
    "": {
      "devDependencies": {
        "@bufbuild/buf": "1.70.0",
      },
    },
  },
  "packages": {
    "@bufbuild/buf": ["@bufbuild/buf@1.70.0", "", { "optionalDependencies": { "@bufbuild/buf-darwin-arm64": "1.70.0", "@bufbuild/buf-darwin-x64": "1.70.0", "@bufbuild/buf-linux-aarch64": "1.70.0", "@bufbuild/buf-linux-armv7": "1.70.0", "@bufbuild/buf-linux-x64": "1.70.0", "@bufbuild/buf-win32-arm64": "1.70.0", "@bufbuild/buf-win32-x64": "1.70.0" }, "bin": { "buf": "bin/buf", "protoc-gen-buf-breaking": "bin/protoc-gen-buf-breaking", "protoc-gen-buf-lint": "bin/protoc-gen-buf-lint" } }, "sha512-oJWGqltlu8F7VVNHLoJ3pFXhjfiGpbh7+/mXW0y+VMPWFGxc9YDv4de1UcX7zhhjV6MbE4SiEGo5Gs5jhpVg5A=="],

    "@bufbuild/buf-darwin-arm64": ["@bufbuild/buf-darwin-arm64@1.70.0", "", { "os": "darwin", "cpu": "arm64" }, "sha512-c7owUswBbMmwfHPH9JRBEJu09mrXYGC33V2JQCgraWCBm74Z95AOkhDua50qiBrQnysvJkJ0p/z4MWxJqcpnIA=="],

    "@bufbuild/buf-darwin-x64": ["@bufbuild/buf-darwin-x64@1.70.0", "", { "os": "darwin", "cpu": "x64" }, "sha512-sucV3lQXVuOqYs3+ToulkUh2tZuMnl286DKb44imp3PnexVhAVOP7d3ybYe98HNGwysEdjNP2WIOGb0uKuRCIQ=="],

    "@bufbuild/buf-linux-aarch64": ["@bufbuild/buf-linux-aarch64@1.70.0", "", { "os": "linux", "cpu": "arm64" }, "sha512-4viSYqbhIusd6LR+JayDex8S1rLUL+hTUMYUgSPl75EC93FpJM4vkk2RhoAhyjQqWF/JQLcyWV8kjRRiIwygdg=="],

    "@bufbuild/buf-linux-armv7": ["@bufbuild/buf-linux-armv7@1.70.0", "", { "os": "linux", "cpu": "arm" }, "sha512-GqujpTX4MXtYiUkxd6oI1g0JaCX3L6koT16Gl0D0HIQ/V2mptH7x4UW8nK3tAURMjrHsEEhcSJRtmfINTTKnsg=="],

    "@bufbuild/buf-linux-x64": ["@bufbuild/buf-linux-x64@1.70.0", "", { "os": "linux", "cpu": "x64" }, "sha512-5WHGUIb5iLFXcnqV33TDejqaPgx0CWFaYW7b4wh12wT0w3DR+ghFq6S6RmYyZLbTuhS4ZFsf+xyk5m+HViKxrA=="],

    "@bufbuild/buf-win32-arm64": ["@bufbuild/buf-win32-arm64@1.70.0", "", { "os": "win32", "cpu": "arm64" }, "sha512-dU1qh7iD08/1avCHwIOoGsatQctE6uGwgOue9GOaThi8/Rdy1x9CC/eFdyFSeCMwbUg9ABQvMGUocylfUe6xDw=="],

    "@bufbuild/buf-win32-x64": ["@bufbuild/buf-win32-x64@1.70.0", "", { "os": "win32", "cpu": "x64" }, "sha512-iKYbjTbEk0ppkv2SrsPFhYus93kj/aMN8aRsrpuo91ZVqXg8JcH4XXbgFpwiFAsiABjqKICFfnDomrFvv49UOA=="],
  }
}
