{
  "lockfileVersion": 1,
  "configVersion": 1,
  "workspaces": {
    "": {
      "devDependencies": {
        "@bufbuild/buf": "1.70.0",
        "@bufbuild/protoc-gen-es": "^2.12.0",
      },
    },
  },
  "packages": {
    "@bufbuild/buf": ["@bufbuild/buf@1.70.0", "", { "optionalDependencies": { "@bufbuild/buf-darwin-arm64": "1.70.0", "@bufbuild/buf-darwin-x64": "1.70.0", "@bufbuild/buf-linux-aarch64": "1.70.0", "@bufbuild/buf-linux-armv7": "1.70.0", "@bufbuild/buf-linux-x64": "1.70.0", "@bufbuild/buf-win32-arm64": "1.70.0", "@bufbuild/buf-win32-x64": "1.70.0" }, "bin": { "buf": "bin/buf", "protoc-gen-buf-breaking": "bin/protoc-gen-buf-breaking", "protoc-gen-buf-lint": "bin/protoc-gen-buf-lint" } }, "sha512-oJWGqltlu8F7VVNHLoJ3pFXhjfiGpbh7+/mXW0y+VMPWFGxc9YDv4de1UcX7zhhjV6MbE4SiEGo5Gs5jhpVg5A=="],

    "@bufbuild/buf-darwin-arm64": ["@bufbuild/buf-darwin-arm64@1.70.0", "", { "os": "darwin", "cpu": "arm64" }, "sha512-c7owUswBbMmwfHPH9JRBEJu09mrXYGC33V2JQCgraWCBm74Z95AOkhDua50qiBrQnysvJkJ0p/z4MWxJqcpnIA=="],

    "@bufbuild/buf-darwin-x64": ["@bufbuild/buf-darwin-x64@1.70.0", "", { "os": "darwin", "cpu": "x64" }, "sha512-sucV3lQXVuOqYs3+ToulkUh2tZuMnl286DKb44imp3PnexVhAVOP7d3ybYe98HNGwysEdjNP2WIOGb0uKuRCIQ=="],

    "@bufbuild/buf-linux-aarch64": ["@bufbuild/buf-linux-aarch64@1.70.0", "", { "os": "linux", "cpu": "arm64" }, "sha512-4viSYqbhIusd6LR+JayDex8S1rLUL+hTUMYUgSPl75EC93FpJM4vkk2RhoAhyjQqWF/JQLcyWV8kjRRiIwygdg=="],

    "@bufbuild/buf-linux-armv7": ["@bufbuild/buf-linux-armv7@1.70.0", "", { "os": "linux", "cpu": "arm" }, "sha512-GqujpTX4MXtYiUkxd6oI1g0JaCX3L6koT16Gl0D0HIQ/V2mptH7x4UW8nK3tAURMjrHsEEhcSJRtmfINTTKnsg=="],

    "@bufbuild/buf-linux-x64": ["@bufbuild/buf-linux-x64@1.70.0", "", { "os": "linux", "cpu": "x64" }, "sha512-5WHGUIb5iLFXcnqV33TDejqaPgx0CWFaYW7b4wh12wT0w3DR+ghFq6S6RmYyZLbTuhS4ZFsf+xyk5m+HViKxrA=="],

    "@bufbuild/buf-win32-arm64": ["@bufbuild/buf-win32-arm64@1.70.0", "", { "os": "win32", "cpu": "arm64" }, "sha512-dU1qh7iD08/1avCHwIOoGsatQctE6uGwgOue9GOaThi8/Rdy1x9CC/eFdyFSeCMwbUg9ABQvMGUocylfUe6xDw=="],

    "@bufbuild/buf-win32-x64": ["@bufbuild/buf-win32-x64@1.70.0", "", { "os": "win32", "cpu": "x64" }, "sha512-iKYbjTbEk0ppkv2SrsPFhYus93kj/aMN8aRsrpuo91ZVqXg8JcH4XXbgFpwiFAsiABjqKICFfnDomrFvv49UOA=="],

    "@bufbuild/protobuf": ["@bufbuild/protobuf@2.12.0", "", {}, "sha512-B/XlCaFIP8LOwzo+bz5uFzATYokcwCKQcghqnlfwSmM5eX/qTkvDBnDPs+gXtX/RyjxJ4DRikECcPJbyALA8FA=="],

    "@bufbuild/protoc-gen-es": ["@bufbuild/protoc-gen-es@2.12.0", "", { "dependencies": { "@bufbuild/protobuf": "2.12.0", "@bufbuild/protoplugin": "2.12.0" }, "bin": { "protoc-gen-es": "bin/protoc-gen-es" } }, "sha512-d9htF6jEkSwPbp9d/vSmZOBF7eeG18AvTMKmVg4I23afnrQOxL2w3WOXa9TaufMCyu24QakEUb4vux8apI5e7A=="],

    "@bufbuild/protoplugin": ["@bufbuild/protoplugin@2.12.0", "", { "dependencies": { "@bufbuild/protobuf": "2.12.0", "@typescript/vfs": "^1.6.2", "typescript": "5.4.5" } }, "sha512-ORlDITp8AFUXzIhLRoMCG+ud+D3MPKWb5HQXBoskMMnjeyEjE1H1qLonVNPyOr8lkx3xSfYUo8a0dvOZJVAzow=="],

    "@typescript/vfs": ["@typescript/vfs@1.6.4", "", { "dependencies": { "debug": "^4.4.3" }, "peerDependencies": { "typescript": "*" } }, "sha512-PJFXFS4ZJKiJ9Qiuix6Dz/OwEIqHD7Dme1UwZhTK11vR+5dqW2ACbdndWQexBzCx+CPuMe5WBYQWCsFyGlQLlQ=="],

    "debug": ["debug@4.4.3", "", { "dependencies": { "ms": "^2.1.3" } }, "sha512-RGwwWnwQvkVfavKVt22FGLw+xYSdzARwm0ru6DhTVA3umU5hZc28V3kO4stgYryrTlLpuvgI9GiijltAjNbcqA=="],

    "ms": ["ms@2.1.3", "", {}, "sha512-6FlzubTLZG3J2a/NVCAleEhjzq5oxgHyaCU9yYXvcLsvoVaHJq/s5xXI6/XXP6tz7R9xAOtHnSO/tXtF3WRTlA=="],

    "typescript": ["typescript@5.4.5", "", { "bin": { "tsc": "bin/tsc", "tsserver": "bin/tsserver" } }, "sha512-vcI4UpRgg81oIRUFwR0WSIHKt11nJ7SAVlYNIu+QpqeyXP+gpQJy/Z4+F0aGxSE4MqwjyXvW/TzgkLAx2AGHwQ=="],
  }
}
